
Microsoft Visual Studio Solution File, Format Version 12.00
# Visual Studio 14
VisualStudioVersion = 14.0.25420.1
MinimumVisualStudioVersion = 10.0.40219.1
Project("{FAE04EC0-301F-11D3-BF4B-00C04F79EFBC}") = "ConnectionTester", "ConnectionTester\ConnectionTester.csproj", "{01C95D03-EB65-449F-A6A1-055E31A312D5}"
	ProjectSection(ProjectDependencies) = postProject
		{804FB182-F309-4BBB-BA18-637D45A6ACE9} = {804FB182-F309-4BBB-BA18-637D45A6ACE9}
		{5E3B6EAC-A074-48BF-BABA-9D423B9C3CDB} = {5E3B6EAC-A074-48BF-BABA-9D423B9C3CDB}
	EndProjectSection
EndProject
Project("{FAE04EC0-301F-11D3-BF4B-00C04F79EFBC}") = "TCPConnections", "TCPConnections\TCPConnections.csproj", "{5E3B6EAC-A074-48BF-BABA-9D423B9C3CDB}"
EndProject
Project("{FAE04EC0-301F-11D3-BF4B-00C04F79EFBC}") = "ConnectionInterface", "ConnectionInterface\ConnectionInterface.csproj", "{B0257F6D-4C7B-4EB2-B142-53CA4227B216}"
EndProject
Project("{FAE04EC0-301F-11D3-BF4B-00C04F79EFBC}") = "HTTPConnections", "HTTPConnections\HTTPConnections.csproj", "{804FB182-F309-4BBB-BA18-637D45A6ACE9}"
EndProject
Global
	GlobalSection(SolutionConfigurationPlatforms) = preSolution
		Debug|Any CPU = Debug|Any CPU
		Release|Any CPU = Release|Any CPU
	EndGlobalSection
	GlobalSection(ProjectConfigurationPlatforms) = postSolution
		{01C95D03-EB65-449F-A6A1-055E31A312D5}.Debug|Any CPU.ActiveCfg = Debug|Any CPU
		{01C95D03-EB65-449F-A6A1-055E31A312D5}.Debug|Any CPU.Build.0 = Debug|Any CPU
		{01C95D03-EB65-449F-A6A1-055E31A312D5}.Release|Any CPU.ActiveCfg = Release|Any CPU
		{01C95D03-EB65-449F-A6A1-055E31A312D5}.Release|Any CPU.Build.0 = Release|Any CPU
		{5E3B6EAC-A074-48BF-BABA-9D423B9C3CDB}.Debug|Any CPU.ActiveCfg = Debug|Any CPU
		{5E3B6EAC-A074-48BF-BABA-9D423B9C3CDB}.Debug|Any CPU.Build.0 = Debug|Any CPU
		{5E3B6EAC-A074-48BF-BABA-9D423B9C3CDB}.Release|Any CPU.ActiveCfg = Release|Any CPU
		{5E3B6EAC-A074-48BF-BABA-9D423B9C3CDB}.Release|Any CPU.Build.0 = Release|Any CPU
		{B0257F6D-4C7B-4EB2-B142-53CA4227B216}.Debug|Any CPU.ActiveCfg = Debug|Any CPU
		{B0257F6D-4C7B-4EB2-B142-53CA4227B216}.Debug|Any CPU.Build.0 = Debug|Any CPU
		{B0257F6D-4C7B-4EB2-B142-53CA4227B216}.Release|Any CPU.ActiveCfg = Release|Any CPU
		{B0257F6D-4C7B-4EB2-B142-53CA4227B216}.Release|Any CPU.Build.0 = Release|Any CPU
		{804FB182-F309-4BBB-BA18-637D45A6ACE9}.Debug|Any CPU.ActiveCfg = Debug|Any CPU
		{804FB182-F309-4BBB-BA18-637D45A6ACE9}.Debug|Any CPU.Build.0 = Debug|Any CPU
		{804FB182-F309-4BBB-BA18-637D45A6ACE9}.Release|Any CPU.ActiveCfg = Release|Any CPU
		{804FB182-F309-4BBB-BA18-637D45A6ACE9}.Release|Any CPU.Build.0 = Release|Any CPU
	EndGlobalSection
	GlobalSection(SolutionProperties) = preSolution
		HideSolutionNode = FALSE
	EndGlobalSection
EndGlobal
